
Microsoft Visual Studio Solution File, Format Version 12.00
# Visual Studio Version 17
VisualStudioVersion = 17.2.32630.192
MinimumVisualStudioVersion = 10.0.40219.1
Project("{9A19103F-16F7-4668-BE54-9A1E7A4F7556}") = "MeetingManager", "MeetingManager.csproj", "{BEAB13A6-E021-4587-A334-151717B5DB50}"
EndProject
Project("{9A19103F-16F7-4668-BE54-9A1E7A4F7556}") = "MeetingManagerTests", "..\MeetingManagerTests\MeetingManagerTests.csproj", "{F028BF60-3CD5-4394-A5D2-C6E11757D102}"
EndProject
Global
	GlobalSection(SolutionConfigurationPlatforms) = preSolution
		Debug|Any CPU = Debug|Any CPU
		Release|Any CPU = Release|Any CPU
	EndGlobalSection
	GlobalSection(ProjectConfigurationPlatforms) = postSolution
		{BEAB13A6-E021-4587-A334-151717B5DB50}.Debug|Any CPU.ActiveCfg = Debug|Any CPU
		{BEAB13A6-E021-4587-A334-151717B5DB50}.Debug|Any CPU.Build.0 = Debug|Any CPU
		{BEAB13A6-E021-4587-A334-151717B5DB50}.Release|Any CPU.ActiveCfg = Release|Any CPU
		{BEAB13A6-E021-4587-A334-151717B5DB50}.Release|Any CPU.Build.0 = Release|Any CPU
		{F028BF60-3CD5-4394-A5D2-C6E11757D102}.Debug|Any CPU.ActiveCfg = Debug|Any CPU
		{F028BF60-3CD5-4394-A5D2-C6E11757D102}.Debug|Any CPU.Build.0 = Debug|Any CPU
		{F028BF60-3CD5-4394-A5D2-C6E11757D102}.Release|Any CPU.ActiveCfg = Release|Any CPU
		{F028BF60-3CD5-4394-A5D2-C6E11757D102}.Release|Any CPU.Build.0 = Release|Any CPU
	EndGlobalSection
	GlobalSection(SolutionProperties) = preSolution
		HideSolutionNode = FALSE
	EndGlobalSection
	GlobalSection(ExtensibilityGlobals) = postSolution
		SolutionGuid = {79A1893B-D52D-49A8-9E9E-39B9E10B9335}
	EndGlobalSection
EndGlobal
